
Microsoft Visual Studio Solution File, Format Version 12.00
# Visual Studio Version 17
VisualStudioVersion = 17.9.34511.98
MinimumVisualStudioVersion = 10.0.40219.1
Project("{FAE04EC0-301F-11D3-BF4B-00C04F79EFBC}") = "Chaati.Server", "Chaati.Server\Chaati.Server.csproj", "{302B65F1-EF41-4CD5-9AA0-54F5D729A7A4}"
EndProject
Project("{FAE04EC0-301F-11D3-BF4B-00C04F79EFBC}") = "Chaati.Web", "Chaati.Web\Chaati.Web.csproj", "{3FF9A739-73CB-4FEF-B8BC-A79C216CA304}"
EndProject
Project("{FAE04EC0-301F-11D3-BF4B-00C04F79EFBC}") = "Chaati.Common", "Chaati.Common\Chaati.Common.csproj", "{86EC8487-73CD-4914-9D26-1F7ECD56F98C}"
EndProject
Project("{FAE04EC0-301F-11D3-BF4B-00C04F79EFBC}") = "Chaati.Maui", "Chaati.Maui\Chaati.Maui.csproj", "{3E4D81F3-E70C-4EDF-AE19-7FF7E1C2D83A}"
EndProject
Project("{FAE04EC0-301F-11D3-BF4B-00C04F79EFBC}") = "Chaati.MauiWeb.Common", "Chaati.MauiWeb.Common\Chaati.MauiWeb.Common.csproj", "{E71BA739-6461-4710-9D2D-EBAA5362B38F}"
EndProject
Global
	GlobalSection(SolutionConfigurationPlatforms) = preSolution
		Debug|Any CPU = Debug|Any CPU
		Release|Any CPU = Release|Any CPU
	EndGlobalSection
	GlobalSection(ProjectConfigurationPlatforms) = postSolution
		{302B65F1-EF41-4CD5-9AA0-54F5D729A7A4}.Debug|Any CPU.ActiveCfg = Debug|Any CPU
		{302B65F1-EF41-4CD5-9AA0-54F5D729A7A4}.Debug|Any CPU.Build.0 = Debug|Any CPU
		{302B65F1-EF41-4CD5-9AA0-54F5D729A7A4}.Release|Any CPU.ActiveCfg = Release|Any CPU
		{302B65F1-EF41-4CD5-9AA0-54F5D729A7A4}.Release|Any CPU.Build.0 = Release|Any CPU
		{3FF9A739-73CB-4FEF-B8BC-A79C216CA304}.Debug|Any CPU.ActiveCfg = Debug|Any CPU
		{3FF9A739-73CB-4FEF-B8BC-A79C216CA304}.Debug|Any CPU.Build.0 = Debug|Any CPU
		{3FF9A739-73CB-4FEF-B8BC-A79C216CA304}.Release|Any CPU.ActiveCfg = Release|Any CPU
		{3FF9A739-73CB-4FEF-B8BC-A79C216CA304}.Release|Any CPU.Build.0 = Release|Any CPU
		{86EC8487-73CD-4914-9D26-1F7ECD56F98C}.Debug|Any CPU.ActiveCfg = Debug|Any CPU
		{86EC8487-73CD-4914-9D26-1F7ECD56F98C}.Debug|Any CPU.Build.0 = Debug|Any CPU
		{86EC8487-73CD-4914-9D26-1F7ECD56F98C}.Release|Any CPU.ActiveCfg = Release|Any CPU
		{86EC8487-73CD-4914-9D26-1F7ECD56F98C}.Release|Any CPU.Build.0 = Release|Any CPU
		{3E4D81F3-E70C-4EDF-AE19-7FF7E1C2D83A}.Debug|Any CPU.ActiveCfg = Debug|Any CPU
		{3E4D81F3-E70C-4EDF-AE19-7FF7E1C2D83A}.Debug|Any CPU.Build.0 = Debug|Any CPU
		{3E4D81F3-E70C-4EDF-AE19-7FF7E1C2D83A}.Debug|Any CPU.Deploy.0 = Debug|Any CPU
		{3E4D81F3-E70C-4EDF-AE19-7FF7E1C2D83A}.Release|Any CPU.ActiveCfg = Release|Any CPU
		{3E4D81F3-E70C-4EDF-AE19-7FF7E1C2D83A}.Release|Any CPU.Build.0 = Release|Any CPU
		{3E4D81F3-E70C-4EDF-AE19-7FF7E1C2D83A}.Release|Any CPU.Deploy.0 = Release|Any CPU
		{E71BA739-6461-4710-9D2D-EBAA5362B38F}.Debug|Any CPU.ActiveCfg = Debug|Any CPU
		{E71BA739-6461-4710-9D2D-EBAA5362B38F}.Debug|Any CPU.Build.0 = Debug|Any CPU
		{E71BA739-6461-4710-9D2D-EBAA5362B38F}.Release|Any CPU.ActiveCfg = Release|Any CPU
		{E71BA739-6461-4710-9D2D-EBAA5362B38F}.Release|Any CPU.Build.0 = Release|Any CPU
	EndGlobalSection
	GlobalSection(SolutionProperties) = preSolution
		HideSolutionNode = FALSE
	EndGlobalSection
	GlobalSection(ExtensibilityGlobals) = postSolution
		SolutionGuid = {39197E49-8032-467F-87FD-2ED984A021EF}
	EndGlobalSection
EndGlobal
